
Microsoft Visual Studio Solution File, Format Version 12.00
# Visual Studio Version 17
VisualStudioVersion = 17.4.33205.214
MinimumVisualStudioVersion = 10.0.40219.1
Project("{FAE04EC0-301F-11D3-BF4B-00C04F79EFBC}") = "FizzBuzz", "FizzBuzz\FizzBuzz.csproj", "{F249F935-4DB9-4ED9-9BE5-3E140B2B42D9}"
EndProject
Global
	GlobalSection(SolutionConfigurationPlatforms) = preSolution
		Debug|Any CPU = Debug|Any CPU
		Release|Any CPU = Release|Any CPU
	EndGlobalSection
	GlobalSection(ProjectConfigurationPlatforms) = postSolution
		{F249F935-4DB9-4ED9-9BE5-3E140B2B42D9}.Debug|Any CPU.ActiveCfg = Debug|Any CPU
		{F249F935-4DB9-4ED9-9BE5-3E140B2B42D9}.Debug|Any CPU.Build.0 = Debug|Any CPU
		{F249F935-4DB9-4ED9-9BE5-3E140B2B42D9}.Release|Any CPU.ActiveCfg = Release|Any CPU
		{F249F935-4DB9-4ED9-9BE5-3E140B2B42D9}.Release|Any CPU.Build.0 = Release|Any CPU
	EndGlobalSection
	GlobalSection(SolutionProperties) = preSolution
		HideSolutionNode = FALSE
	EndGlobalSection
	GlobalSection(ExtensibilityGlobals) = postSolution
		SolutionGuid = {C574E224-016A-4F4C-AFD5-0CD4FCD99281}
	EndGlobalSection
EndGlobal
